<?xml version="1.0" encoding="utf-8"?>
<Project ToolsVersion="4.0" xmlns="http://schemas.microsoft.com/developer/msbuild/2003">
  <ItemGroup>
    <Filter Include="Source Files">
      <UniqueIdentifier>{4FC737F1-C7A5-4376-A066-2A32D752A2FF}</UniqueIdentifier>
      <Extensions>cpp;c;cc;cxx;def;odl;idl;hpj;bat;asm;asmx</Extensions>
    </Filter>
    <Filter Include="Header Files">
      <UniqueIdentifier>{93995380-89BD-4b04-88EB-625FBE52EBFB}</UniqueIdentifier>
      <Extensions>h;hh;hpp;hxx;hm;inl;inc;xsd</Extensions>
    </Filter>
    <Filter Include="Resource Files">
      <UniqueIdentifier>{67DA6AB6-F800-4c08-8B7A-83BB121AAD01}</UniqueIdentifier>
      <Extensions>rc;ico;cur;bmp;dlg;rc2;rct;bin;rgs;gif;jpg;jpeg;jpe;resx;tiff;tif;png;wav;mfcribbon-ms</Extensions>
    </Filter>
  </ItemGroup>
  <ItemGroup>
    <ClCompile Include="379D.cpp">
      <Filter>Source Files</Filter>
    </ClCompile>
    <ClCompile Include="354C.cpp">
      <Filter>Source Files</Filter>
    </ClCompile>
    <ClCompile Include="1A.cpp">
      <Filter>Source Files</Filter>
    </ClCompile>
    <ClCompile Include="4A.cpp">
      <Filter>Source Files</Filter>
    </ClCompile>
    <ClCompile Include="158A.cpp">
      <Filter>Source Files</Filter>
    </ClCompile>
    <ClCompile Include="71A.cpp">
      <Filter>Source Files</Filter>
    </ClCompile>
    <ClCompile Include="118A.cpp">
      <Filter>Source Files</Filter>
    </ClCompile>
    <ClCompile Include="50A.cpp">
      <Filter>Source Files</Filter>
    </ClCompile>
    <ClCompile Include="158B.cpp">
      <Filter>Source Files</Filter>
    </ClCompile>
    <ClCompile Include="231A.cpp">
      <Filter>Source Files</Filter>
    </ClCompile>
    <ClCompile Include="282A.cpp">
      <Filter>Source Files</Filter>
    </ClCompile>
    <ClCompile Include="116A.cpp">
      <Filter>Source Files</Filter>
    </ClCompile>
    <ClCompile Include="131A.cpp">
      <Filter>Source Files</Filter>
    </ClCompile>
    <ClCompile Include="96A.cpp">
      <Filter>Source Files</Filter>
    </ClCompile>
    <ClCompile Include="266A.cpp">
      <Filter>Source Files</Filter>
    </ClCompile>
    <ClCompile Include="133A.cpp">
      <Filter>Source Files</Filter>
    </ClCompile>
    <ClCompile Include="236A.cpp">
      <Filter>Source Files</Filter>
    </ClCompile>
    <ClCompile Include="136A.cpp">
      <Filter>Source Files</Filter>
    </ClCompile>
    <ClCompile Include="61A.cpp">
      <Filter>Source Files</Filter>
    </ClCompile>
    <ClCompile Include="443A.cpp">
      <Filter>Source Files</Filter>
    </ClCompile>
    <ClCompile Include="509A.cpp">
      <Filter>Source Files</Filter>
    </ClCompile>
    <ClCompile Include="149A.cpp">
      <Filter>Source Files</Filter>
    </ClCompile>
    <ClCompile Include="59A.cpp">
      <Filter>Source Files</Filter>
    </ClCompile>
    <ClCompile Include="459A.cpp">
      <Filter>Source Files</Filter>
    </ClCompile>
    <ClCompile Include="401A.cpp">
      <Filter>Source Files</Filter>
    </ClCompile>
    <ClCompile Include="467B.cpp">
      <Filter>Source Files</Filter>
    </ClCompile>
    <ClCompile Include="462A.cpp">
      <Filter>Source Files</Filter>
    </ClCompile>
    <ClCompile Include="385A.cpp">
      <Filter>Source Files</Filter>
    </ClCompile>
    <ClCompile Include="499B.cpp">
      <Filter>Source Files</Filter>
    </ClCompile>
    <ClCompile Include="379B.cpp">
      <Filter>Source Files</Filter>
    </ClCompile>
    <ClCompile Include="313B.cpp">
      <Filter>Source Files</Filter>
    </ClCompile>
    <ClCompile Include="112A.cpp">
      <Filter>Source Files</Filter>
    </ClCompile>
    <ClCompile Include="334A.cpp">
      <Filter>Source Files</Filter>
    </ClCompile>
    <ClCompile Include="508B.cpp">
      <Filter>Source Files</Filter>
    </ClCompile>
    <ClCompile Include="322A.cpp">
      <Filter>Source Files</Filter>
    </ClCompile>
    <ClCompile Include="129A.cpp">
      <Filter>Source Files</Filter>
    </ClCompile>
    <ClCompile Include="152A.cpp">
      <Filter>Source Files</Filter>
    </ClCompile>
    <ClCompile Include="114A.cpp">
      <Filter>Source Files</Filter>
    </ClCompile>
    <ClCompile Include="353A.cpp">
      <Filter>Source Files</Filter>
    </ClCompile>
    <ClCompile Include="285C.cpp">
      <Filter>Source Files</Filter>
    </ClCompile>
    <ClCompile Include="265A.cpp">
      <Filter>Source Files</Filter>
    </ClCompile>
    <ClCompile Include="339A.cpp">
      <Filter>Source Files</Filter>
    </ClCompile>
    <ClCompile Include="548A.cpp">
      <Filter>Source Files</Filter>
    </ClCompile>
    <ClCompile Include="281A.cpp">
      <Filter>Source Files</Filter>
    </ClCompile>
  </ItemGroup>
</Project>